
Microsoft Visual Studio Solution File, Format Version 12.00
# Visual Studio Version 16
VisualStudioVersion = 16.0.29424.173
MinimumVisualStudioVersion = 10.0.40219.1
Project("{FAE04EC0-301F-11D3-BF4B-00C04F79EFBC}") = "Sandbox", "Sandbox\Sandbox.csproj", "{1759C91A-9815-44EA-ACA2-A3E430DD3AFC}"
EndProject
Global
	GlobalSection(SolutionConfigurationPlatforms) = preSolution
		Debug|Any CPU = Debug|Any CPU
		Release|Any CPU = Release|Any CPU
	EndGlobalSection
	GlobalSection(ProjectConfigurationPlatforms) = postSolution
		{1759C91A-9815-44EA-ACA2-A3E430DD3AFC}.Debug|Any CPU.ActiveCfg = Debug|Any CPU
		{1759C91A-9815-44EA-ACA2-A3E430DD3AFC}.Debug|Any CPU.Build.0 = Debug|Any CPU
		{1759C91A-9815-44EA-ACA2-A3E430DD3AFC}.Release|Any CPU.ActiveCfg = Release|Any CPU
		{1759C91A-9815-44EA-ACA2-A3E430DD3AFC}.Release|Any CPU.Build.0 = Release|Any CPU
	EndGlobalSection
	GlobalSection(SolutionProperties) = preSolution
		HideSolutionNode = FALSE
	EndGlobalSection
	GlobalSection(ExtensibilityGlobals) = postSolution
		SolutionGuid = {C880EECD-6BD2-4C87-894E-CAEE2BD2B089}
	EndGlobalSection
EndGlobal
